# THIS IS AN AUTOGENERATED FILE. DO NOT EDIT THIS FILE DIRECTLY.
# yarn lockfile v1


"@slack/client@^3.4.0":
  version "3.16.0"
  resolved "https://registry.yarnpkg.com/@slack/client/-/client-3.16.0.tgz#a9963a6a24d41e74dc0f7ff09d9f1b2a01b97bfd"
  dependencies:
    async "^1.5.0"
    bluebird "^3.3.3"
    eventemitter3 "^1.1.1"
    https-proxy-agent "^1.0.0"
    inherits "^2.0.1"
    lodash "^4.13.1"
    pkginfo "^0.4.0"
    request ">=2.0.0 <2.77.0"
    retry "^0.9.0"
    url-join "0.0.1"
    winston "^2.1.1"
    ws "^1.0.1"

accepts@~1.2.12, accepts@~1.2.13:
  version "1.2.13"
  resolved "https://registry.yarnpkg.com/accepts/-/accepts-1.2.13.tgz#e5f1f3928c6d95fd96558c36ec3d9d0de4a6ecea"
  dependencies:
    mime-types "~2.1.6"
    negotiator "0.5.3"

accepts@~1.3.0:
  version "1.3.5"
  resolved "https://registry.yarnpkg.com/accepts/-/accepts-1.3.5.tgz#eb777df6011723a3b14e8a72c0805c8e86746bd2"
  dependencies:
    mime-types "~2.1.18"
    negotiator "0.6.1"

after@0.8.1:
  version "0.8.1"
  resolved "https://registry.yarnpkg.com/after/-/after-0.8.1.tgz#ab5d4fb883f596816d3515f8f791c0af486dd627"

agent-base@2:
  version "2.1.1"
  resolved "https://registry.yarnpkg.com/agent-base/-/agent-base-2.1.1.tgz#d6de10d5af6132d5bd692427d46fc538539094c7"
  dependencies:
    extend "~3.0.0"
    semver "~5.0.1"

ansi-regex@^2.0.0:
  version "2.1.1"
  resolved "https://registry.yarnpkg.com/ansi-regex/-/ansi-regex-2.1.1.tgz#c3b33ab5ee360d86e0e628f0468ae7ef27d654df"

ansi-styles@^2.2.1:
  version "2.2.1"
  resolved "https://registry.yarnpkg.com/ansi-styles/-/ansi-styles-2.2.1.tgz#b432dd3358b634cf75e1e4664368240533c1ddbe"

arraybuffer.slice@0.0.6:
  version "0.0.6"
  resolved "https://registry.yarnpkg.com/arraybuffer.slice/-/arraybuffer.slice-0.0.6.tgz#f33b2159f0532a3f3107a272c0ccfbd1ad2979ca"

asn1@~0.2.3:
  version "0.2.3"
  resolved "https://registry.yarnpkg.com/asn1/-/asn1-0.2.3.tgz#dac8787713c9966849fc8180777ebe9c1ddf3b86"

assert-plus@1.0.0, assert-plus@^1.0.0:
  version "1.0.0"
  resolved "https://registry.yarnpkg.com/assert-plus/-/assert-plus-1.0.0.tgz#f12e0f3c5d77b0b1cdd9146942e4e96c1e4dd525"

assert-plus@^0.2.0:
  version "0.2.0"
  resolved "https://registry.yarnpkg.com/assert-plus/-/assert-plus-0.2.0.tgz#d74e1b87e7affc0db8aadb7021f3fe48101ab234"

"async@>=0.1.0 <1.0.0":
  version "0.9.2"
  resolved "https://registry.yarnpkg.com/async/-/async-0.9.2.tgz#aea74d5e61c1f899613bf64bda66d4c78f2fd17d"

async@^1.5.0:
  version "1.5.2"
  resolved "https://registry.yarnpkg.com/async/-/async-1.5.2.tgz#ec6a61ae56480c0c3cb241c95618e20892f9672a"

async@~1.0.0:
  version "1.0.0"
  resolved "https://registry.yarnpkg.com/async/-/async-1.0.0.tgz#f8fc04ca3a13784ade9e1641af98578cfbd647a9"

asynckit@^0.4.0:
  version "0.4.0"
  resolved "https://registry.yarnpkg.com/asynckit/-/asynckit-0.4.0.tgz#c79ed97f7f34cb8f2ba1bc9790bcc366474b4b79"

aws-sign2@~0.6.0:
  version "0.6.0"
  resolved "https://registry.yarnpkg.com/aws-sign2/-/aws-sign2-0.6.0.tgz#14342dd38dbcc94d0e5b87d763cd63612c0e794f"

aws4@^1.2.1:
  version "1.6.0"
  resolved "https://registry.yarnpkg.com/aws4/-/aws4-1.6.0.tgz#83ef5ca860b2b32e4a0deedee8c771b9db57471e"

backo2@1.0.2:
  version "1.0.2"
  resolved "https://registry.yarnpkg.com/backo2/-/backo2-1.0.2.tgz#31ab1ac8b129363463e35b3ebb69f4dfcfba7947"

base64-arraybuffer@0.1.2:
  version "0.1.2"
  resolved "https://registry.yarnpkg.com/base64-arraybuffer/-/base64-arraybuffer-0.1.2.tgz#474df4a9f2da24e05df3158c3b1db3c3cd46a154"

base64-url@1.2.1:
  version "1.2.1"
  resolved "https://registry.yarnpkg.com/base64-url/-/base64-url-1.2.1.tgz#199fd661702a0e7b7dcae6e0698bb089c52f6d78"

basic-auth-connect@1.0.0:
  version "1.0.0"
  resolved "https://registry.yarnpkg.com/basic-auth-connect/-/basic-auth-connect-1.0.0.tgz#fdb0b43962ca7b40456a7c2bb48fe173da2d2122"

basic-auth@~1.0.3:
  version "1.0.4"
  resolved "https://registry.yarnpkg.com/basic-auth/-/basic-auth-1.0.4.tgz#030935b01de7c9b94a824b29f3fccb750d3a5290"

batch@0.5.3:
  version "0.5.3"
  resolved "https://registry.yarnpkg.com/batch/-/batch-0.5.3.tgz#3f3414f380321743bfc1042f9a83ff1d5824d464"

bcrypt-pbkdf@^1.0.0:
  version "1.0.1"
  resolved "https://registry.yarnpkg.com/bcrypt-pbkdf/-/bcrypt-pbkdf-1.0.1.tgz#63bc5dcb61331b92bc05fd528953c33462a06f8d"
  dependencies:
    tweetnacl "^0.14.3"

benchmark@1.0.0:
  version "1.0.0"
  resolved "https://registry.yarnpkg.com/benchmark/-/benchmark-1.0.0.tgz#2f1e2fa4c359f11122aa183082218e957e390c73"

better-assert@~1.0.0:
  version "1.0.2"
  resolved "https://registry.yarnpkg.com/better-assert/-/better-assert-1.0.2.tgz#40866b9e1b9e0b55b481894311e68faffaebc522"
  dependencies:
    callsite "1.0.0"

blob@0.0.2:
  version "0.0.2"
  resolved "https://registry.yarnpkg.com/blob/-/blob-0.0.2.tgz#b89562bd6994af95ba1e812155536333aa23cf24"

bluebird@^3.3.3:
  version "3.5.1"
  resolved "https://registry.yarnpkg.com/bluebird/-/bluebird-3.5.1.tgz#d9551f9de98f1fcda1e683d17ee91a0602ee2eb9"

body-parser@~1.13.3:
  version "1.13.3"
  resolved "https://registry.yarnpkg.com/body-parser/-/body-parser-1.13.3.tgz#c08cf330c3358e151016a05746f13f029c97fa97"
  dependencies:
    bytes "2.1.0"
    content-type "~1.0.1"
    debug "~2.2.0"
    depd "~1.0.1"
    http-errors "~1.3.1"
    iconv-lite "0.4.11"
    on-finished "~2.3.0"
    qs "4.0.0"
    raw-body "~2.1.2"
    type-is "~1.6.6"

boom@2.x.x:
  version "2.10.1"
  resolved "https://registry.yarnpkg.com/boom/-/boom-2.10.1.tgz#39c8918ceff5799f83f9492a848f625add0c766f"
  dependencies:
    hoek "2.x.x"

bytes@2.1.0:
  version "2.1.0"
  resolved "https://registry.yarnpkg.com/bytes/-/bytes-2.1.0.tgz#ac93c410e2ffc9cc7cf4b464b38289067f5e47b4"

bytes@2.4.0:
  version "2.4.0"
  resolved "https://registry.yarnpkg.com/bytes/-/bytes-2.4.0.tgz#7d97196f9d5baf7f6935e25985549edd2a6c2339"

callsite@1.0.0:
  version "1.0.0"
  resolved "https://registry.yarnpkg.com/callsite/-/callsite-1.0.0.tgz#280398e5d664bd74038b6f0905153e6e8af1bc20"

caseless@~0.11.0:
  version "0.11.0"
  resolved "https://registry.yarnpkg.com/caseless/-/caseless-0.11.0.tgz#715b96ea9841593cc33067923f5ec60ebda4f7d7"

chalk@^1.0.0, chalk@^1.1.1:
  version "1.1.3"
  resolved "https://registry.yarnpkg.com/chalk/-/chalk-1.1.3.tgz#a8115c55e4a702fe4d150abd3872822a7e09fc98"
  dependencies:
    ansi-styles "^2.2.1"
    escape-string-regexp "^1.0.2"
    has-ansi "^2.0.0"
    strip-ansi "^3.0.0"
    supports-color "^2.0.0"

cline@^0.8.2:
  version "0.8.2"
  resolved "https://registry.yarnpkg.com/cline/-/cline-0.8.2.tgz#e911e741a0ad2e24d29e6fab2cf89fa322d59c76"

coffee-script@1.6.3:
  version "1.6.3"
  resolved "https://registry.yarnpkg.com/coffee-script/-/coffee-script-1.6.3.tgz#6355d32cf1b04cdff6b484e5e711782b2f0c39be"

colors@1.0.x:
  version "1.0.3"
  resolved "https://registry.yarnpkg.com/colors/-/colors-1.0.3.tgz#0433f44d809680fdeb60ed260f1b0c262e82a40b"

combined-stream@^1.0.5, combined-stream@~1.0.5:
  version "1.0.6"
  resolved "https://registry.yarnpkg.com/combined-stream/-/combined-stream-1.0.6.tgz#723e7df6e801ac5613113a7e445a9b69cb632818"
  dependencies:
    delayed-stream "~1.0.0"

commander@2.6.0:
  version "2.6.0"
  resolved "https://registry.yarnpkg.com/commander/-/commander-2.6.0.tgz#9df7e52fb2a0cb0fb89058ee80c3104225f37e1d"

commander@^2.9.0:
  version "2.15.0"
  resolved "https://registry.yarnpkg.com/commander/-/commander-2.15.0.tgz#ad2a23a1c3b036e392469b8012cec6b33b4c1322"

commander@~0.6.1:
  version "0.6.1"
  resolved "https://registry.yarnpkg.com/commander/-/commander-0.6.1.tgz#fa68a14f6a945d54dbbe50d8cdb3320e9e3b1a06"

component-bind@1.0.0:
  version "1.0.0"
  resolved "https://registry.yarnpkg.com/component-bind/-/component-bind-1.0.0.tgz#00c608ab7dcd93897c0009651b1d3a8e1e73bbd1"

component-emitter@1.1.2:
  version "1.1.2"
  resolved "https://registry.yarnpkg.com/component-emitter/-/component-emitter-1.1.2.tgz#296594f2753daa63996d2af08d15a95116c9aec3"

component-inherit@0.0.3:
  version "0.0.3"
  resolved "https://registry.yarnpkg.com/component-inherit/-/component-inherit-0.0.3.tgz#645fc4adf58b72b649d5cae65135619db26ff143"

compressible@~2.0.5:
  version "2.0.13"
  resolved "https://registry.yarnpkg.com/compressible/-/compressible-2.0.13.tgz#0d1020ab924b2fdb4d6279875c7d6daba6baa7a9"
  dependencies:
    mime-db ">= 1.33.0 < 2"

compression@~1.5.2:
  version "1.5.2"
  resolved "https://registry.yarnpkg.com/compression/-/compression-1.5.2.tgz#b03b8d86e6f8ad29683cba8df91ddc6ffc77b395"
  dependencies:
    accepts "~1.2.12"
    bytes "2.1.0"
    compressible "~2.0.5"
    debug "~2.2.0"
    on-headers "~1.0.0"
    vary "~1.0.1"

connect-multiparty@^1.2.5:
  version "1.2.5"
  resolved "https://registry.yarnpkg.com/connect-multiparty/-/connect-multiparty-1.2.5.tgz#2fabecfdc1a8a774ba19484dce660c818a8555e7"
  dependencies:
    multiparty "~3.3.2"
    on-finished "~2.1.0"
    qs "~2.2.4"
    type-is "~1.5.2"

connect-timeout@~1.6.2:
  version "1.6.2"
  resolved "https://registry.yarnpkg.com/connect-timeout/-/connect-timeout-1.6.2.tgz#de9a5ec61e33a12b6edaab7b5f062e98c599b88e"
  dependencies:
    debug "~2.2.0"
    http-errors "~1.3.1"
    ms "0.7.1"
    on-headers "~1.0.0"

connect@2.30.2:
  version "2.30.2"
  resolved "https://registry.yarnpkg.com/connect/-/connect-2.30.2.tgz#8da9bcbe8a054d3d318d74dfec903b5c39a1b609"
  dependencies:
    basic-auth-connect "1.0.0"
    body-parser "~1.13.3"
    bytes "2.1.0"
    compression "~1.5.2"
    connect-timeout "~1.6.2"
    content-type "~1.0.1"
    cookie "0.1.3"
    cookie-parser "~1.3.5"
    cookie-signature "1.0.6"
    csurf "~1.8.3"
    debug "~2.2.0"
    depd "~1.0.1"
    errorhandler "~1.4.2"
    express-session "~1.11.3"
    finalhandler "0.4.0"
    fresh "0.3.0"
    http-errors "~1.3.1"
    method-override "~2.3.5"
    morgan "~1.6.1"
    multiparty "3.3.2"
    on-headers "~1.0.0"
    parseurl "~1.3.0"
    pause "0.1.0"
    qs "4.0.0"
    response-time "~2.3.1"
    serve-favicon "~2.3.0"
    serve-index "~1.7.2"
    serve-static "~1.10.0"
    type-is "~1.6.6"
    utils-merge "1.0.0"
    vhost "~3.0.1"

content-disposition@0.5.0:
  version "0.5.0"
  resolved "https://registry.yarnpkg.com/content-disposition/-/content-disposition-0.5.0.tgz#4284fe6ae0630874639e44e80a418c2934135e9e"

content-type@~1.0.1:
  version "1.0.4"
  resolved "https://registry.yarnpkg.com/content-type/-/content-type-1.0.4.tgz#e138cc75e040c727b1966fe5e5f8c9aee256fe3b"

cookie-parser@~1.3.5:
  version "1.3.5"
  resolved "https://registry.yarnpkg.com/cookie-parser/-/cookie-parser-1.3.5.tgz#9d755570fb5d17890771227a02314d9be7cf8356"
  dependencies:
    cookie "0.1.3"
    cookie-signature "1.0.6"

cookie-signature@1.0.6:
  version "1.0.6"
  resolved "https://registry.yarnpkg.com/cookie-signature/-/cookie-signature-1.0.6.tgz#e303a882b342cc3ee8ca513a79999734dab3ae2c"

cookie@0.1.3:
  version "0.1.3"
  resolved "https://registry.yarnpkg.com/cookie/-/cookie-0.1.3.tgz#e734a5c1417fce472d5aef82c381cabb64d1a435"

core-util-is@1.0.2, core-util-is@~1.0.0:
  version "1.0.2"
  resolved "https://registry.yarnpkg.com/core-util-is/-/core-util-is-1.0.2.tgz#b5fd54220aa2bc5ab57aab7140c940754503c1a7"

crc@3.3.0:
  version "3.3.0"
  resolved "https://registry.yarnpkg.com/crc/-/crc-3.3.0.tgz#fa622e1bc388bf257309082d6b65200ce67090ba"

cron-parser@^2.4.0:
  version "2.4.5"
  resolved "https://registry.yarnpkg.com/cron-parser/-/cron-parser-2.4.5.tgz#33629810a4b491004c363f4b6996133bbc22e16f"
  dependencies:
    is-nan "^1.2.1"
    moment-timezone "^0.5.0"

cryptiles@2.x.x:
  version "2.0.5"
  resolved "https://registry.yarnpkg.com/cryptiles/-/cryptiles-2.0.5.tgz#3bdfecdc608147c1c67202fa291e7dca59eaa3b8"
  dependencies:
    boom "2.x.x"

csrf@~3.0.0:
  version "3.0.6"
  resolved "https://registry.yarnpkg.com/csrf/-/csrf-3.0.6.tgz#b61120ddceeafc91e76ed5313bb5c0b2667b710a"
  dependencies:
    rndm "1.2.0"
    tsscmp "1.0.5"
    uid-safe "2.1.4"

csurf@~1.8.3:
  version "1.8.3"
  resolved "https://registry.yarnpkg.com/csurf/-/csurf-1.8.3.tgz#23f2a13bf1d8fce1d0c996588394442cba86a56a"
  dependencies:
    cookie "0.1.3"
    cookie-signature "1.0.6"
    csrf "~3.0.0"
    http-errors "~1.3.1"

cycle@1.0.x:
  version "1.0.3"
  resolved "https://registry.yarnpkg.com/cycle/-/cycle-1.0.3.tgz#21e80b2be8580f98b468f379430662b046c34ad2"

dashdash@^1.12.0:
  version "1.14.1"
  resolved "https://registry.yarnpkg.com/dashdash/-/dashdash-1.14.1.tgz#853cfa0f7cbe2fed5de20326b8dd581035f6e2f0"
  dependencies:
    assert-plus "^1.0.0"

debug@0.7.4:
  version "0.7.4"
  resolved "https://registry.yarnpkg.com/debug/-/debug-0.7.4.tgz#06e1ea8082c2cb14e39806e22e2f6f757f92af39"

debug@1.0.4:
  version "1.0.4"
  resolved "https://registry.yarnpkg.com/debug/-/debug-1.0.4.tgz#5b9c256bd54b6ec02283176fa8a0ede6d154cbf8"
  dependencies:
    ms "0.6.2"

debug@2, debug@2.6.9:
  version "2.6.9"
  resolved "https://registry.yarnpkg.com/debug/-/debug-2.6.9.tgz#5d128515df134ff327e90a4c93f4e077a536341f"
  dependencies:
    ms "2.0.0"

debug@~2.2.0:
  version "2.2.0"
  resolved "https://registry.yarnpkg.com/debug/-/debug-2.2.0.tgz#f87057e995b1a1f6ae6a4960664137bc56f039da"
  dependencies:
    ms "0.7.1"

define-properties@^1.1.1:
  version "1.1.2"
  resolved "https://registry.yarnpkg.com/define-properties/-/define-properties-1.1.2.tgz#83a73f2fea569898fb737193c8f873caf6d45c94"
  dependencies:
    foreach "^2.0.5"
    object-keys "^1.0.8"

delayed-stream@~1.0.0:
  version "1.0.0"
  resolved "https://registry.yarnpkg.com/delayed-stream/-/delayed-stream-1.0.0.tgz#df3ae199acadfb7d440aaae0b29e2272b24ec619"

depd@~1.0.1:
  version "1.0.1"
  resolved "https://registry.yarnpkg.com/depd/-/depd-1.0.1.tgz#80aec64c9d6d97e65cc2a9caa93c0aa6abf73aaa"

depd@~1.1.0:
  version "1.1.2"
  resolved "https://registry.yarnpkg.com/depd/-/depd-1.1.2.tgz#9bcd52e14c097763e749b274c4346ed2e560b5a9"

destroy@1.0.3:
  version "1.0.3"
  resolved "https://registry.yarnpkg.com/destroy/-/destroy-1.0.3.tgz#b433b4724e71fd8551d9885174851c5fc377e2c9"

destroy@~1.0.4:
  version "1.0.4"
  resolved "https://registry.yarnpkg.com/destroy/-/destroy-1.0.4.tgz#978857442c44749e4206613e37946205826abd80"

ecc-jsbn@~0.1.1:
  version "0.1.1"
  resolved "https://registry.yarnpkg.com/ecc-jsbn/-/ecc-jsbn-0.1.1.tgz#0fc73a9ed5f0d53c38193398523ef7e543777505"
  dependencies:
    jsbn "~0.1.0"

ee-first@1.1.0:
  version "1.1.0"
  resolved "https://registry.yarnpkg.com/ee-first/-/ee-first-1.1.0.tgz#6a0d7c6221e490feefd92ec3f441c9ce8cd097f4"

ee-first@1.1.1:
  version "1.1.1"
  resolved "https://registry.yarnpkg.com/ee-first/-/ee-first-1.1.1.tgz#590c61156b0ae2f4f0255732a158b266bc56b21d"

engine.io-client@1.5.1:
  version "1.5.1"
  resolved "https://registry.yarnpkg.com/engine.io-client/-/engine.io-client-1.5.1.tgz#ecd0026d90b065169b9885960183f3d56b8da18e"
  dependencies:
    component-emitter "1.1.2"
    component-inherit "0.0.3"
    debug "1.0.4"
    engine.io-parser "1.2.1"
    has-cors "1.0.3"
    indexof "0.0.1"
    parsejson "0.0.1"
    parseqs "0.0.2"
    parseuri "0.0.4"
    ws "0.4.31"
    xmlhttprequest "https://github.com/rase-/node-XMLHttpRequest/archive/a6b6f2.tar.gz"

engine.io-parser@1.2.1:
  version "1.2.1"
  resolved "https://registry.yarnpkg.com/engine.io-parser/-/engine.io-parser-1.2.1.tgz#4462a67d0c70a907c06db2e1de53791a86f5ab37"
  dependencies:
    after "0.8.1"
    arraybuffer.slice "0.0.6"
    base64-arraybuffer "0.1.2"
    blob "0.0.2"
    has-binary "0.1.5"
    utf8 "2.0.0"

errorhandler@~1.4.2:
  version "1.4.3"
  resolved "https://registry.yarnpkg.com/errorhandler/-/errorhandler-1.4.3.tgz#b7b70ed8f359e9db88092f2d20c0f831420ad83f"
  dependencies:
    accepts "~1.3.0"
    escape-html "~1.0.3"

escape-html@1.0.2:
  version "1.0.2"
  resolved "https://registry.yarnpkg.com/escape-html/-/escape-html-1.0.2.tgz#d77d32fa98e38c2f41ae85e9278e0e0e6ba1022c"

escape-html@~1.0.3:
  version "1.0.3"
  resolved "https://registry.yarnpkg.com/escape-html/-/escape-html-1.0.3.tgz#0258eae4d3d0c0974de1c169188ef0051d1d1988"

escape-string-regexp@^1.0.2:
  version "1.0.5"
  resolved "https://registry.yarnpkg.com/escape-string-regexp/-/escape-string-regexp-1.0.5.tgz#1b61c0562190a8dff6ae3bb2cf0200ca130b86d4"

etag@~1.7.0:
  version "1.7.0"
  resolved "https://registry.yarnpkg.com/etag/-/etag-1.7.0.tgz#03d30b5f67dd6e632d2945d30d6652731a34d5d8"

eventemitter3@^1.1.1:
  version "1.2.0"
  resolved "https://registry.yarnpkg.com/eventemitter3/-/eventemitter3-1.2.0.tgz#1c86991d816ad1e504750e73874224ecf3bec508"

express-session@~1.11.3:
  version "1.11.3"
  resolved "https://registry.yarnpkg.com/express-session/-/express-session-1.11.3.tgz#5cc98f3f5ff84ed835f91cbf0aabd0c7107400af"
  dependencies:
    cookie "0.1.3"
    cookie-signature "1.0.6"
    crc "3.3.0"
    debug "~2.2.0"
    depd "~1.0.1"
    on-headers "~1.0.0"
    parseurl "~1.3.0"
    uid-safe "~2.0.0"
    utils-merge "1.0.0"

express@^3.21.2:
  version "3.21.2"
  resolved "https://registry.yarnpkg.com/express/-/express-3.21.2.tgz#0c2903ee5c54e63d65a96170764703550665a3de"
  dependencies:
    basic-auth "~1.0.3"
    commander "2.6.0"
    connect "2.30.2"
    content-disposition "0.5.0"
    content-type "~1.0.1"
    cookie "0.1.3"
    cookie-signature "1.0.6"
    debug "~2.2.0"
    depd "~1.0.1"
    escape-html "1.0.2"
    etag "~1.7.0"
    fresh "0.3.0"
    merge-descriptors "1.0.0"
    methods "~1.1.1"
    mkdirp "0.5.1"
    parseurl "~1.3.0"
    proxy-addr "~1.0.8"
    range-parser "~1.0.2"
    send "0.13.0"
    utils-merge "1.0.0"
    vary "~1.0.1"

extend@3, extend@~3.0.0:
  version "3.0.1"
  resolved "https://registry.yarnpkg.com/extend/-/extend-3.0.1.tgz#a755ea7bc1adfcc5a31ce7e762dbaadc5e636444"

extsprintf@1.3.0:
  version "1.3.0"
  resolved "https://registry.yarnpkg.com/extsprintf/-/extsprintf-1.3.0.tgz#96918440e3041a7a414f8c52e3c574eb3c3e1e05"

extsprintf@^1.2.0:
  version "1.4.0"
  resolved "https://registry.yarnpkg.com/extsprintf/-/extsprintf-1.4.0.tgz#e2689f8f356fad62cca65a3a91c5df5f9551692f"

eyes@0.1.x:
  version "0.1.8"
  resolved "https://registry.yarnpkg.com/eyes/-/eyes-0.1.8.tgz#62cf120234c683785d902348a800ef3e0cc20bc0"

finalhandler@0.4.0:
  version "0.4.0"
  resolved "https://registry.yarnpkg.com/finalhandler/-/finalhandler-0.4.0.tgz#965a52d9e8d05d2b857548541fb89b53a2497d9b"
  dependencies:
    debug "~2.2.0"
    escape-html "1.0.2"
    on-finished "~2.3.0"
    unpipe "~1.0.0"

foreach@^2.0.5:
  version "2.0.5"
  resolved "https://registry.yarnpkg.com/foreach/-/foreach-2.0.5.tgz#0bee005018aeb260d0a3af3ae658dd0136ec1b99"

forever-agent@~0.6.1:
  version "0.6.1"
  resolved "https://registry.yarnpkg.com/forever-agent/-/forever-agent-0.6.1.tgz#fbc71f0c41adeb37f96c577ad1ed42d8fdacca91"

form-data@~2.1.1:
  version "2.1.4"
  resolved "https://registry.yarnpkg.com/form-data/-/form-data-2.1.4.tgz#33c183acf193276ecaa98143a69e94bfee1750d1"
  dependencies:
    asynckit "^0.4.0"
    combined-stream "^1.0.5"
    mime-types "^2.1.12"

forwarded@~0.1.0:
  version "0.1.2"
  resolved "https://registry.yarnpkg.com/forwarded/-/forwarded-0.1.2.tgz#98c23dab1175657b8c0573e8ceccd91b0ff18c84"

free-gaussian@0.1.0:
  version "0.1.0"
  resolved "https://registry.yarnpkg.com/free-gaussian/-/free-gaussian-0.1.0.tgz#b5152abe0dbdddf36080ded0b4d4ba6f8ace17fc"

fresh@0.3.0:
  version "0.3.0"
  resolved "https://registry.yarnpkg.com/fresh/-/fresh-0.3.0.tgz#651f838e22424e7566de161d8358caa199f83d4f"

generate-function@^2.0.0:
  version "2.0.0"
  resolved "https://registry.yarnpkg.com/generate-function/-/generate-function-2.0.0.tgz#6858fe7c0969b7d4e9093337647ac79f60dfbe74"

generate-object-property@^1.1.0:
  version "1.2.0"
  resolved "https://registry.yarnpkg.com/generate-object-property/-/generate-object-property-1.2.0.tgz#9c0e1c40308ce804f4783618b937fa88f99d50d0"
  dependencies:
    is-property "^1.0.0"

getpass@^0.1.1:
  version "0.1.7"
  resolved "https://registry.yarnpkg.com/getpass/-/getpass-0.1.7.tgz#5eff8e3e684d569ae4cb2b1282604e8ba62149fa"
  dependencies:
    assert-plus "^1.0.0"

"global@https://github.com/component/global/archive/v2.0.1.tar.gz":
  version "2.0.1"
  resolved "https://github.com/component/global/archive/v2.0.1.tar.gz#3fb25343fb66d79991b0f4a429ce3b54480eec3c"

har-validator@~2.0.6:
  version "2.0.6"
  resolved "https://registry.yarnpkg.com/har-validator/-/har-validator-2.0.6.tgz#cdcbc08188265ad119b6a5a7c8ab70eecfb5d27d"
  dependencies:
    chalk "^1.1.1"
    commander "^2.9.0"
    is-my-json-valid "^2.12.4"
    pinkie-promise "^2.0.0"

has-ansi@^2.0.0:
  version "2.0.0"
  resolved "https://registry.yarnpkg.com/has-ansi/-/has-ansi-2.0.0.tgz#34f5049ce1ecdf2b0649af3ef24e45ed35416d91"
  dependencies:
    ansi-regex "^2.0.0"

has-binary@0.1.5:
  version "0.1.5"
  resolved "https://registry.yarnpkg.com/has-binary/-/has-binary-0.1.5.tgz#95e75720ff31b72a3ba89a5b6dce082e4bc6467f"
  dependencies:
    isarray "0.0.1"

has-cors@1.0.3:
  version "1.0.3"
  resolved "https://registry.yarnpkg.com/has-cors/-/has-cors-1.0.3.tgz#502acb9b3104dac33dd2630eaf2f888b0baf4cb3"
  dependencies:
    global "https://github.com/component/global/archive/v2.0.1.tar.gz"

hawk@~3.1.3:
  version "3.1.3"
  resolved "https://registry.yarnpkg.com/hawk/-/hawk-3.1.3.tgz#078444bd7c1640b0fe540d2c9b73d59678e8e1c4"
  dependencies:
    boom "2.x.x"
    cryptiles "2.x.x"
    hoek "2.x.x"
    sntp "1.x.x"

hoek@2.x.x:
  version "2.16.3"
  resolved "https://registry.yarnpkg.com/hoek/-/hoek-2.16.3.tgz#20bb7403d3cea398e91dc4710a8ff1b8274a25ed"

http-errors@~1.3.1:
  version "1.3.1"
  resolved "https://registry.yarnpkg.com/http-errors/-/http-errors-1.3.1.tgz#197e22cdebd4198585e8694ef6786197b91ed942"
  dependencies:
    inherits "~2.0.1"
    statuses "1"

http-signature@~1.1.0:
  version "1.1.1"
  resolved "https://registry.yarnpkg.com/http-signature/-/http-signature-1.1.1.tgz#df72e267066cd0ac67fb76adf8e134a8fbcf91bf"
  dependencies:
    assert-plus "^0.2.0"
    jsprim "^1.2.2"
    sshpk "^1.7.0"

https-proxy-agent@^1.0.0:
  version "1.0.0"
  resolved "https://registry.yarnpkg.com/https-proxy-agent/-/https-proxy-agent-1.0.0.tgz#35f7da6c48ce4ddbfa264891ac593ee5ff8671e6"
  dependencies:
    agent-base "2"
    debug "2"
    extend "3"

hubot-diagnostics@0.0.1:
  version "0.0.1"
  resolved "https://registry.yarnpkg.com/hubot-diagnostics/-/hubot-diagnostics-0.0.1.tgz#69aea01ae4dbdcf0512120c4e33e965ade55262c"

hubot-google-images@^0.2.6:
  version "0.2.7"
  resolved "https://registry.yarnpkg.com/hubot-google-images/-/hubot-google-images-0.2.7.tgz#a8a1f9094d76830bf1931770888fab0dc0c11a4d"

hubot-google-translate@^0.2.0:
  version "0.2.1"
  resolved "https://registry.yarnpkg.com/hubot-google-translate/-/hubot-google-translate-0.2.1.tgz#3f496c7f2c20994d594b4b75183898e2b627bb7e"

hubot-help@^0.2.0:
  version "0.2.2"
  resolved "https://registry.yarnpkg.com/hubot-help/-/hubot-help-0.2.2.tgz#cea17e782ce776b743f65393935b3430c2e8197c"

hubot-heroku-keepalive@^1.0.2:
  version "1.0.3"
  resolved "https://registry.yarnpkg.com/hubot-heroku-keepalive/-/hubot-heroku-keepalive-1.0.3.tgz#2950e28095ee4a6ace2b76f90e2a91ba91e6813c"

hubot-lets-chat@0.0.7:
  version "0.0.7"
  resolved "https://registry.yarnpkg.com/hubot-lets-chat/-/hubot-lets-chat-0.0.7.tgz#87c7dfc25fa6d665073d1371ff29e7845bebfa15"
  dependencies:
    socket.io-client "1.3.2"
    tunnel-agent "~0.4.0"

hubot-maps@0.0.2:
  version "0.0.2"
  resolved "https://registry.yarnpkg.com/hubot-maps/-/hubot-maps-0.0.2.tgz#e2719b01061e5fda33631c79fadb6b857d1f9e36"

hubot-pugme@^0.1.0:
  version "0.1.1"
  resolved "https://registry.yarnpkg.com/hubot-pugme/-/hubot-pugme-0.1.1.tgz#bbf3b993831516c814f569cf0f05313fb9a31458"

hubot-redis-brain@0.0.3:
  version "0.0.3"
  resolved "https://registry.yarnpkg.com/hubot-redis-brain/-/hubot-redis-brain-0.0.3.tgz#e2f1ae7f88ad6449b452f5e66c5839295b05f644"
  dependencies:
    redis "0.8.4"

hubot-rules@^0.1.1:
  version "0.1.2"
  resolved "https://registry.yarnpkg.com/hubot-rules/-/hubot-rules-0.1.2.tgz#8ef312d8bcf4ba66811310dab69f528d3463f4c5"

hubot-scripts@^2.17.2:
  version "2.17.2"
  resolved "https://registry.yarnpkg.com/hubot-scripts/-/hubot-scripts-2.17.2.tgz#9b08e907d5cfaba72d783204067a78ce9df3ae24"
  dependencies:
    redis "0.8.4"

hubot-shipit@^0.2.0:
  version "0.2.1"
  resolved "https://registry.yarnpkg.com/hubot-shipit/-/hubot-shipit-0.2.1.tgz#4fbc9e161953bf7901fdc36e2a702c13103f16b2"

hubot-slack@^4.4.0:
  version "4.4.0"
  resolved "https://registry.yarnpkg.com/hubot-slack/-/hubot-slack-4.4.0.tgz#5b71fd4ca39938f748252f2e35f5d2f42eafdc2e"
  dependencies:
    "@slack/client" "^3.4.0"
    lodash "^3.10.1"

hubot@^2.19.0:
  version "2.19.0"
  resolved "https://registry.yarnpkg.com/hubot/-/hubot-2.19.0.tgz#87c572d210fb0d5f89f756177ae0020d49ffba36"
  dependencies:
    async ">=0.1.0 <1.0.0"
    chalk "^1.0.0"
    cline "^0.8.2"
    coffee-script "1.6.3"
    connect-multiparty "^1.2.5"
    express "^3.21.2"
    log "1.4.0"
    optparse "1.0.4"
    scoped-http-client "0.11.0"

iconv-lite@0.4.11:
  version "0.4.11"
  resolved "https://registry.yarnpkg.com/iconv-lite/-/iconv-lite-0.4.11.tgz#2ecb42fd294744922209a2e7c404dac8793d8ade"

iconv-lite@0.4.13:
  version "0.4.13"
  resolved "https://registry.yarnpkg.com/iconv-lite/-/iconv-lite-0.4.13.tgz#1f88aba4ab0b1508e8312acc39345f36e992e2f2"

indexof@0.0.1:
  version "0.0.1"
  resolved "https://registry.yarnpkg.com/indexof/-/indexof-0.0.1.tgz#82dc336d232b9062179d05ab3293a66059fd435d"

influx@^5.0.7:
  version "5.0.7"
  resolved "https://registry.yarnpkg.com/influx/-/influx-5.0.7.tgz#35e65f6bf13cbaa1763108b5596a806a727a529a"

inherits@^2.0.1, inherits@~2.0.1:
  version "2.0.3"
  resolved "https://registry.yarnpkg.com/inherits/-/inherits-2.0.3.tgz#633c2c83e3da42a502f52466022480f4208261de"

ipaddr.js@1.0.5:
  version "1.0.5"
  resolved "https://registry.yarnpkg.com/ipaddr.js/-/ipaddr.js-1.0.5.tgz#5fa78cf301b825c78abc3042d812723049ea23c7"

is-my-ip-valid@^1.0.0:
  version "1.0.0"
  resolved "https://registry.yarnpkg.com/is-my-ip-valid/-/is-my-ip-valid-1.0.0.tgz#7b351b8e8edd4d3995d4d066680e664d94696824"

is-my-json-valid@^2.12.4:
  version "2.17.2"
  resolved "https://registry.yarnpkg.com/is-my-json-valid/-/is-my-json-valid-2.17.2.tgz#6b2103a288e94ef3de5cf15d29dd85fc4b78d65c"
  dependencies:
    generate-function "^2.0.0"
    generate-object-property "^1.1.0"
    is-my-ip-valid "^1.0.0"
    jsonpointer "^4.0.0"
    xtend "^4.0.0"

is-nan@^1.2.1:
  version "1.2.1"
  resolved "https://registry.yarnpkg.com/is-nan/-/is-nan-1.2.1.tgz#9faf65b6fb6db24b7f5c0628475ea71f988401e2"
  dependencies:
    define-properties "^1.1.1"

is-property@^1.0.0:
  version "1.0.2"
  resolved "https://registry.yarnpkg.com/is-property/-/is-property-1.0.2.tgz#57fe1c4e48474edd65b09911f26b1cd4095dda84"

is-typedarray@~1.0.0:
  version "1.0.0"
  resolved "https://registry.yarnpkg.com/is-typedarray/-/is-typedarray-1.0.0.tgz#e479c80858df0c1b11ddda6940f96011fcda4a9a"

isarray@0.0.1:
  version "0.0.1"
  resolved "https://registry.yarnpkg.com/isarray/-/isarray-0.0.1.tgz#8a18acfca9a8f4177e09abfc6038939b05d1eedf"

isstream@0.1.x, isstream@~0.1.2:
  version "0.1.2"
  resolved "https://registry.yarnpkg.com/isstream/-/isstream-0.1.2.tgz#47e63f7af55afa6f92e1500e690eb8b8529c099a"

jsbn@~0.1.0:
  version "0.1.1"
  resolved "https://registry.yarnpkg.com/jsbn/-/jsbn-0.1.1.tgz#a5e654c2e5a2deb5f201d96cefbca80c0ef2f513"

json-schema@0.2.3:
  version "0.2.3"
  resolved "https://registry.yarnpkg.com/json-schema/-/json-schema-0.2.3.tgz#b480c892e59a2f05954ce727bd3f2a4e882f9e13"

json-stringify-safe@~5.0.1:
  version "5.0.1"
  resolved "https://registry.yarnpkg.com/json-stringify-safe/-/json-stringify-safe-5.0.1.tgz#1296a2d58fd45f19a0f6ce01d65701e2c735b6eb"

json3@3.2.6:
  version "3.2.6"
  resolved "https://registry.yarnpkg.com/json3/-/json3-3.2.6.tgz#f6efc93c06a04de9aec53053df2559bb19e2038b"

jsonpointer@^4.0.0:
  version "4.0.1"
  resolved "https://registry.yarnpkg.com/jsonpointer/-/jsonpointer-4.0.1.tgz#4fd92cb34e0e9db3c89c8622ecf51f9b978c6cb9"

jsprim@^1.2.2:
  version "1.4.1"
  resolved "https://registry.yarnpkg.com/jsprim/-/jsprim-1.4.1.tgz#313e66bc1e5cc06e438bc1b7499c2e5c56acb6a2"
  dependencies:
    assert-plus "1.0.0"
    extsprintf "1.3.0"
    json-schema "0.2.3"
    verror "1.10.0"

lodash@^3.10.1:
  version "3.10.1"
  resolved "https://registry.yarnpkg.com/lodash/-/lodash-3.10.1.tgz#5bf45e8e49ba4189e17d482789dfd15bd140b7b6"

lodash@^4.13.1:
  version "4.17.5"
  resolved "https://registry.yarnpkg.com/lodash/-/lodash-4.17.5.tgz#99a92d65c0272debe8c96b6057bc8fbfa3bed511"

log@1.4.0:
  version "1.4.0"
  resolved "https://registry.yarnpkg.com/log/-/log-1.4.0.tgz#4ba1d890fde249b031dca03bc37eaaf325656f1c"

long-timeout@0.1.1:
  version "0.1.1"
  resolved "https://registry.yarnpkg.com/long-timeout/-/long-timeout-0.1.1.tgz#9721d788b47e0bcb5a24c2e2bee1a0da55dab514"

media-typer@0.3.0:
  version "0.3.0"
  resolved "https://registry.yarnpkg.com/media-typer/-/media-typer-0.3.0.tgz#8710d7af0aa626f8fffa1ce00168545263255748"

merge-descriptors@1.0.0:
  version "1.0.0"
  resolved "https://registry.yarnpkg.com/merge-descriptors/-/merge-descriptors-1.0.0.tgz#2169cf7538e1b0cc87fb88e1502d8474bbf79864"

method-override@~2.3.5:
  version "2.3.10"
  resolved "https://registry.yarnpkg.com/method-override/-/method-override-2.3.10.tgz#e3daf8d5dee10dd2dce7d4ae88d62bbee77476b4"
  dependencies:
    debug "2.6.9"
    methods "~1.1.2"
    parseurl "~1.3.2"
    vary "~1.1.2"

methods@~1.1.1, methods@~1.1.2:
  version "1.1.2"
  resolved "https://registry.yarnpkg.com/methods/-/methods-1.1.2.tgz#5529a4d67654134edcc5266656835b0f851afcee"

"mime-db@>= 1.33.0 < 2", mime-db@~1.33.0:
  version "1.33.0"
  resolved "https://registry.yarnpkg.com/mime-db/-/mime-db-1.33.0.tgz#a3492050a5cb9b63450541e39d9788d2272783db"

mime-db@~1.12.0:
  version "1.12.0"
  resolved "https://registry.yarnpkg.com/mime-db/-/mime-db-1.12.0.tgz#3d0c63180f458eb10d325aaa37d7c58ae312e9d7"

mime-types@^2.1.12, mime-types@~2.1.18, mime-types@~2.1.6, mime-types@~2.1.7, mime-types@~2.1.9:
  version "2.1.18"
  resolved "https://registry.yarnpkg.com/mime-types/-/mime-types-2.1.18.tgz#6f323f60a83d11146f831ff11fd66e2fe5503bb8"
  dependencies:
    mime-db "~1.33.0"

mime-types@~2.0.9:
  version "2.0.14"
  resolved "https://registry.yarnpkg.com/mime-types/-/mime-types-2.0.14.tgz#310e159db23e077f8bb22b748dabfa4957140aa6"
  dependencies:
    mime-db "~1.12.0"

mime@1.3.4:
  version "1.3.4"
  resolved "https://registry.yarnpkg.com/mime/-/mime-1.3.4.tgz#115f9e3b6b3daf2959983cb38f149a2d40eb5d53"

minimist@0.0.8:
  version "0.0.8"
  resolved "https://registry.yarnpkg.com/minimist/-/minimist-0.0.8.tgz#857fcabfc3397d2625b8228262e86aa7a011b05d"

mkdirp@0.5.1:
  version "0.5.1"
  resolved "https://registry.yarnpkg.com/mkdirp/-/mkdirp-0.5.1.tgz#30057438eac6cf7f8c4767f38648d6697d75c903"
  dependencies:
    minimist "0.0.8"

moment-timezone@^0.5.0:
  version "0.5.14"
  resolved "https://registry.yarnpkg.com/moment-timezone/-/moment-timezone-0.5.14.tgz#4eb38ff9538b80108ba467a458f3ed4268ccfcb1"
  dependencies:
    moment ">= 2.9.0"

"moment@>= 2.9.0":
  version "2.21.0"
  resolved "https://registry.yarnpkg.com/moment/-/moment-2.21.0.tgz#2a114b51d2a6ec9e6d83cf803f838a878d8a023a"

morgan@~1.6.1:
  version "1.6.1"
  resolved "https://registry.yarnpkg.com/morgan/-/morgan-1.6.1.tgz#5fd818398c6819cba28a7cd6664f292fe1c0bbf2"
  dependencies:
    basic-auth "~1.0.3"
    debug "~2.2.0"
    depd "~1.0.1"
    on-finished "~2.3.0"
    on-headers "~1.0.0"

ms@0.6.2:
  version "0.6.2"
  resolved "https://registry.yarnpkg.com/ms/-/ms-0.6.2.tgz#d89c2124c6fdc1353d65a8b77bf1aac4b193708c"

ms@0.7.1:
  version "0.7.1"
  resolved "https://registry.yarnpkg.com/ms/-/ms-0.7.1.tgz#9cd13c03adbff25b65effde7ce864ee952017098"

ms@0.7.2:
  version "0.7.2"
  resolved "https://registry.yarnpkg.com/ms/-/ms-0.7.2.tgz#ae25cf2512b3885a1d95d7f037868d8431124765"

ms@2.0.0:
  version "2.0.0"
  resolved "https://registry.yarnpkg.com/ms/-/ms-2.0.0.tgz#5608aeadfc00be6c2901df5f9861788de0d597c8"

multiparty@3.3.2, multiparty@~3.3.2:
  version "3.3.2"
  resolved "https://registry.yarnpkg.com/multiparty/-/multiparty-3.3.2.tgz#35de6804dc19643e5249f3d3e3bdc6c8ce301d3f"
  dependencies:
    readable-stream "~1.1.9"
    stream-counter "~0.2.0"

nan@~0.3.0:
  version "0.3.2"
  resolved "https://registry.yarnpkg.com/nan/-/nan-0.3.2.tgz#0df1935cab15369075ef160ad2894107aa14dc2d"

negotiator@0.5.3:
  version "0.5.3"
  resolved "https://registry.yarnpkg.com/negotiator/-/negotiator-0.5.3.tgz#269d5c476810ec92edbe7b6c2f28316384f9a7e8"

negotiator@0.6.1:
  version "0.6.1"
  resolved "https://registry.yarnpkg.com/negotiator/-/negotiator-0.6.1.tgz#2b327184e8992101177b28563fb5e7102acd0ca9"

node-schedule@^1.2.5:
  version "1.3.0"
  resolved "https://registry.yarnpkg.com/node-schedule/-/node-schedule-1.3.0.tgz#e7a7e816a7f2550d5b170bd106e765db28bdf030"
  dependencies:
    cron-parser "^2.4.0"
    long-timeout "0.1.1"
    sorted-array-functions "^1.0.0"

node-uuid@~1.4.7:
  version "1.4.8"
  resolved "https://registry.yarnpkg.com/node-uuid/-/node-uuid-1.4.8.tgz#b040eb0923968afabf8d32fb1f17f1167fdab907"

oauth-sign@~0.8.1:
  version "0.8.2"
  resolved "https://registry.yarnpkg.com/oauth-sign/-/oauth-sign-0.8.2.tgz#46a6ab7f0aead8deae9ec0565780b7d4efeb9d43"

object-component@0.0.3:
  version "0.0.3"
  resolved "https://registry.yarnpkg.com/object-component/-/object-component-0.0.3.tgz#f0c69aa50efc95b866c186f400a33769cb2f1291"

object-keys@^1.0.8:
  version "1.0.11"
  resolved "https://registry.yarnpkg.com/object-keys/-/object-keys-1.0.11.tgz#c54601778ad560f1142ce0e01bcca8b56d13426d"

on-finished@~2.1.0:
  version "2.1.1"
  resolved "https://registry.yarnpkg.com/on-finished/-/on-finished-2.1.1.tgz#f82ca1c9e3a4f3286b1b9938610e5b8636bd3cb2"
  dependencies:
    ee-first "1.1.0"

on-finished@~2.3.0:
  version "2.3.0"
  resolved "https://registry.yarnpkg.com/on-finished/-/on-finished-2.3.0.tgz#20f1336481b083cd75337992a16971aa2d906947"
  dependencies:
    ee-first "1.1.1"

on-headers@~1.0.0, on-headers@~1.0.1:
  version "1.0.1"
  resolved "https://registry.yarnpkg.com/on-headers/-/on-headers-1.0.1.tgz#928f5d0f470d49342651ea6794b0857c100693f7"

options@>=0.0.5:
  version "0.0.6"
  resolved "https://registry.yarnpkg.com/options/-/options-0.0.6.tgz#ec22d312806bb53e731773e7cdaefcf1c643128f"

optparse@1.0.4:
  version "1.0.4"
  resolved "https://registry.yarnpkg.com/optparse/-/optparse-1.0.4.tgz#c062579d2d05d243c221a304a71e0c979623ccf1"

parsejson@0.0.1:
  version "0.0.1"
  resolved "https://registry.yarnpkg.com/parsejson/-/parsejson-0.0.1.tgz#9b10c6c0d825ab589e685153826de0a3ba278bcc"
  dependencies:
    better-assert "~1.0.0"

parseqs@0.0.2:
  version "0.0.2"
  resolved "https://registry.yarnpkg.com/parseqs/-/parseqs-0.0.2.tgz#9dfe70b2cddac388bde4f35b1f240fa58adbe6c7"
  dependencies:
    better-assert "~1.0.0"

parseuri@0.0.2:
  version "0.0.2"
  resolved "https://registry.yarnpkg.com/parseuri/-/parseuri-0.0.2.tgz#db41878f2d6964718be870b3140973d8093be156"
  dependencies:
    better-assert "~1.0.0"

parseuri@0.0.4:
  version "0.0.4"
  resolved "https://registry.yarnpkg.com/parseuri/-/parseuri-0.0.4.tgz#806582a39887e1ea18dd5e2fe0e01902268e9350"
  dependencies:
    better-assert "~1.0.0"

parseurl@~1.3.0, parseurl@~1.3.1, parseurl@~1.3.2:
  version "1.3.2"
  resolved "https://registry.yarnpkg.com/parseurl/-/parseurl-1.3.2.tgz#fc289d4ed8993119460c156253262cdc8de65bf3"

pause@0.1.0:
  version "0.1.0"
  resolved "https://registry.yarnpkg.com/pause/-/pause-0.1.0.tgz#ebc8a4a8619ff0b8a81ac1513c3434ff469fdb74"

pinkie-promise@^2.0.0:
  version "2.0.1"
  resolved "https://registry.yarnpkg.com/pinkie-promise/-/pinkie-promise-2.0.1.tgz#2135d6dfa7a358c069ac9b178776288228450ffa"
  dependencies:
    pinkie "^2.0.0"

pinkie@^2.0.0:
  version "2.0.4"
  resolved "https://registry.yarnpkg.com/pinkie/-/pinkie-2.0.4.tgz#72556b80cfa0d48a974e80e77248e80ed4f7f870"

pkginfo@^0.4.0:
  version "0.4.1"
  resolved "https://registry.yarnpkg.com/pkginfo/-/pkginfo-0.4.1.tgz#b5418ef0439de5425fc4995042dced14fb2a84ff"

proxy-addr@~1.0.8:
  version "1.0.10"
  resolved "https://registry.yarnpkg.com/proxy-addr/-/proxy-addr-1.0.10.tgz#0d40a82f801fc355567d2ecb65efe3f077f121c5"
  dependencies:
    forwarded "~0.1.0"
    ipaddr.js "1.0.5"

punycode@^1.4.1:
  version "1.4.1"
  resolved "https://registry.yarnpkg.com/punycode/-/punycode-1.4.1.tgz#c0d5a63b2718800ad8e1eb0fa5269c84dd41845e"

qs@4.0.0:
  version "4.0.0"
  resolved "https://registry.yarnpkg.com/qs/-/qs-4.0.0.tgz#c31d9b74ec27df75e543a86c78728ed8d4623607"

qs@~2.2.4:
  version "2.2.5"
  resolved "https://registry.yarnpkg.com/qs/-/qs-2.2.5.tgz#1088abaf9dcc0ae5ae45b709e6c6b5888b23923c"

qs@~6.3.0:
  version "6.3.2"
  resolved "https://registry.yarnpkg.com/qs/-/qs-6.3.2.tgz#e75bd5f6e268122a2a0e0bda630b2550c166502c"

random-bytes@~1.0.0:
  version "1.0.0"
  resolved "https://registry.yarnpkg.com/random-bytes/-/random-bytes-1.0.0.tgz#4f68a1dc0ae58bd3fb95848c30324db75d64360b"

range-parser@~1.0.2, range-parser@~1.0.3:
  version "1.0.3"
  resolved "https://registry.yarnpkg.com/range-parser/-/range-parser-1.0.3.tgz#6872823535c692e2c2a0103826afd82c2e0ff175"

raw-body@~2.1.2:
  version "2.1.7"
  resolved "https://registry.yarnpkg.com/raw-body/-/raw-body-2.1.7.tgz#adfeace2e4fb3098058014d08c072dcc59758774"
  dependencies:
    bytes "2.4.0"
    iconv-lite "0.4.13"
    unpipe "1.0.0"

readable-stream@~1.1.8, readable-stream@~1.1.9:
  version "1.1.14"
  resolved "https://registry.yarnpkg.com/readable-stream/-/readable-stream-1.1.14.tgz#7cf4c54ef648e3813084c636dd2079e166c081d9"
  dependencies:
    core-util-is "~1.0.0"
    inherits "~2.0.1"
    isarray "0.0.1"
    string_decoder "~0.10.x"

redis@0.8.4:
  version "0.8.4"
  resolved "https://registry.yarnpkg.com/redis/-/redis-0.8.4.tgz#14609f26414e211c31e3cd07dc79b04bf9ff1980"

"request@>=2.0.0 <2.77.0":
  version "2.76.0"
  resolved "https://registry.yarnpkg.com/request/-/request-2.76.0.tgz#be44505afef70360a0436955106be3945d95560e"
  dependencies:
    aws-sign2 "~0.6.0"
    aws4 "^1.2.1"
    caseless "~0.11.0"
    combined-stream "~1.0.5"
    extend "~3.0.0"
    forever-agent "~0.6.1"
    form-data "~2.1.1"
    har-validator "~2.0.6"
    hawk "~3.1.3"
    http-signature "~1.1.0"
    is-typedarray "~1.0.0"
    isstream "~0.1.2"
    json-stringify-safe "~5.0.1"
    mime-types "~2.1.7"
    node-uuid "~1.4.7"
    oauth-sign "~0.8.1"
    qs "~6.3.0"
    stringstream "~0.0.4"
    tough-cookie "~2.3.0"
    tunnel-agent "~0.4.1"

response-time@~2.3.1:
  version "2.3.2"
  resolved "https://registry.yarnpkg.com/response-time/-/response-time-2.3.2.tgz#ffa71bab952d62f7c1d49b7434355fbc68dffc5a"
  dependencies:
    depd "~1.1.0"
    on-headers "~1.0.1"

retry@^0.9.0:
  version "0.9.0"
  resolved "https://registry.yarnpkg.com/retry/-/retry-0.9.0.tgz#6f697e50a0e4ddc8c8f7fb547a9b60dead43678d"

rndm@1.2.0:
  version "1.2.0"
  resolved "https://registry.yarnpkg.com/rndm/-/rndm-1.2.0.tgz#f33fe9cfb52bbfd520aa18323bc65db110a1b76c"

scoped-http-client@0.11.0:
  version "0.11.0"
  resolved "https://registry.yarnpkg.com/scoped-http-client/-/scoped-http-client-0.11.0.tgz#887fa82a8360f15d639a52e504e563c157d26d74"

semver@~5.0.1:
  version "5.0.3"
  resolved "https://registry.yarnpkg.com/semver/-/semver-5.0.3.tgz#77466de589cd5d3c95f138aa78bc569a3cb5d27a"

send@0.13.0:
  version "0.13.0"
  resolved "https://registry.yarnpkg.com/send/-/send-0.13.0.tgz#518f921aeb0560aec7dcab2990b14cf6f3cce5de"
  dependencies:
    debug "~2.2.0"
    depd "~1.0.1"
    destroy "1.0.3"
    escape-html "1.0.2"
    etag "~1.7.0"
    fresh "0.3.0"
    http-errors "~1.3.1"
    mime "1.3.4"
    ms "0.7.1"
    on-finished "~2.3.0"
    range-parser "~1.0.2"
    statuses "~1.2.1"

send@0.13.2:
  version "0.13.2"
  resolved "https://registry.yarnpkg.com/send/-/send-0.13.2.tgz#765e7607c8055452bba6f0b052595350986036de"
  dependencies:
    debug "~2.2.0"
    depd "~1.1.0"
    destroy "~1.0.4"
    escape-html "~1.0.3"
    etag "~1.7.0"
    fresh "0.3.0"
    http-errors "~1.3.1"
    mime "1.3.4"
    ms "0.7.1"
    on-finished "~2.3.0"
    range-parser "~1.0.3"
    statuses "~1.2.1"

serve-favicon@~2.3.0:
  version "2.3.2"
  resolved "https://registry.yarnpkg.com/serve-favicon/-/serve-favicon-2.3.2.tgz#dd419e268de012ab72b319d337f2105013f9381f"
  dependencies:
    etag "~1.7.0"
    fresh "0.3.0"
    ms "0.7.2"
    parseurl "~1.3.1"

serve-index@~1.7.2:
  version "1.7.3"
  resolved "https://registry.yarnpkg.com/serve-index/-/serve-index-1.7.3.tgz#7a057fc6ee28dc63f64566e5fa57b111a86aecd2"
  dependencies:
    accepts "~1.2.13"
    batch "0.5.3"
    debug "~2.2.0"
    escape-html "~1.0.3"
    http-errors "~1.3.1"
    mime-types "~2.1.9"
    parseurl "~1.3.1"

serve-static@~1.10.0:
  version "1.10.3"
  resolved "https://registry.yarnpkg.com/serve-static/-/serve-static-1.10.3.tgz#ce5a6ecd3101fed5ec09827dac22a9c29bfb0535"
  dependencies:
    escape-html "~1.0.3"
    parseurl "~1.3.1"
    send "0.13.2"

sntp@1.x.x:
  version "1.0.9"
  resolved "https://registry.yarnpkg.com/sntp/-/sntp-1.0.9.tgz#6541184cc90aeea6c6e7b35e2659082443c66198"
  dependencies:
    hoek "2.x.x"

socket.io-client@1.3.2:
  version "1.3.2"
  resolved "https://registry.yarnpkg.com/socket.io-client/-/socket.io-client-1.3.2.tgz#e0313d94f5ad60fb3e89b54be5f1410aa76b67bb"
  dependencies:
    backo2 "1.0.2"
    component-bind "1.0.0"
    component-emitter "1.1.2"
    debug "0.7.4"
    engine.io-client "1.5.1"
    has-binary "0.1.5"
    indexof "0.0.1"
    object-component "0.0.3"
    parseuri "0.0.2"
    socket.io-parser "2.2.2"
    to-array "0.1.3"

socket.io-parser@2.2.2:
  version "2.2.2"
  resolved "https://registry.yarnpkg.com/socket.io-parser/-/socket.io-parser-2.2.2.tgz#3d7af6b64497e956b7d9fe775f999716027f9417"
  dependencies:
    benchmark "1.0.0"
    component-emitter "1.1.2"
    debug "0.7.4"
    isarray "0.0.1"
    json3 "3.2.6"

sorted-array-functions@^1.0.0:
  version "1.1.0"
  resolved "https://registry.yarnpkg.com/sorted-array-functions/-/sorted-array-functions-1.1.0.tgz#78fe5808ffa1beebac2ce9a22d76039dabc599ff"

sshpk@^1.7.0:
  version "1.14.1"
  resolved "https://registry.yarnpkg.com/sshpk/-/sshpk-1.14.1.tgz#130f5975eddad963f1d56f92b9ac6c51fa9f83eb"
  dependencies:
    asn1 "~0.2.3"
    assert-plus "^1.0.0"
    dashdash "^1.12.0"
    getpass "^0.1.1"
  optionalDependencies:
    bcrypt-pbkdf "^1.0.0"
    ecc-jsbn "~0.1.1"
    jsbn "~0.1.0"
    tweetnacl "~0.14.0"

stack-trace@0.0.x:
  version "0.0.10"
  resolved "https://registry.yarnpkg.com/stack-trace/-/stack-trace-0.0.10.tgz#547c70b347e8d32b4e108ea1a2a159e5fdde19c0"

statuses@1:
  version "1.4.0"
  resolved "https://registry.yarnpkg.com/statuses/-/statuses-1.4.0.tgz#bb73d446da2796106efcc1b601a253d6c46bd087"

statuses@~1.2.1:
  version "1.2.1"
  resolved "https://registry.yarnpkg.com/statuses/-/statuses-1.2.1.tgz#dded45cc18256d51ed40aec142489d5c61026d28"

stream-counter@~0.2.0:
  version "0.2.0"
  resolved "https://registry.yarnpkg.com/stream-counter/-/stream-counter-0.2.0.tgz#ded266556319c8b0e222812b9cf3b26fa7d947de"
  dependencies:
    readable-stream "~1.1.8"

string_decoder@~0.10.x:
  version "0.10.31"
  resolved "https://registry.yarnpkg.com/string_decoder/-/string_decoder-0.10.31.tgz#62e203bc41766c6c28c9fc84301dab1c5310fa94"

stringstream@~0.0.4:
  version "0.0.5"
  resolved "https://registry.yarnpkg.com/stringstream/-/stringstream-0.0.5.tgz#4e484cd4de5a0bbbee18e46307710a8a81621878"

strip-ansi@^3.0.0:
  version "3.0.1"
  resolved "https://registry.yarnpkg.com/strip-ansi/-/strip-ansi-3.0.1.tgz#6a385fb8853d952d5ff05d0e8aaf94278dc63dcf"
  dependencies:
    ansi-regex "^2.0.0"

supports-color@^2.0.0:
  version "2.0.0"
  resolved "https://registry.yarnpkg.com/supports-color/-/supports-color-2.0.0.tgz#535d045ce6b6363fa40117084629995e9df324c7"

tinycolor@0.x:
  version "0.0.1"
  resolved "https://registry.yarnpkg.com/tinycolor/-/tinycolor-0.0.1.tgz#320b5a52d83abb5978d81a3e887d4aefb15a6164"

to-array@0.1.3:
  version "0.1.3"
  resolved "https://registry.yarnpkg.com/to-array/-/to-array-0.1.3.tgz#d45dadc6363417f60f28474fea50ecddbb4f4991"

tough-cookie@~2.3.0:
  version "2.3.4"
  resolved "https://registry.yarnpkg.com/tough-cookie/-/tough-cookie-2.3.4.tgz#ec60cee38ac675063ffc97a5c18970578ee83655"
  dependencies:
    punycode "^1.4.1"

"trueskill@0.0.2":
  version "0.0.2"
  resolved "https://registry.yarnpkg.com/trueskill/-/trueskill-0.0.2.tgz#f6c7ef634c2debac0d57ffbb5d4c8f26eb4eda75"
  dependencies:
    free-gaussian "0.1.0"

tsscmp@1.0.5:
  version "1.0.5"
  resolved "https://registry.yarnpkg.com/tsscmp/-/tsscmp-1.0.5.tgz#7dc4a33af71581ab4337da91d85ca5427ebd9a97"

tunnel-agent@~0.4.0, tunnel-agent@~0.4.1:
  version "0.4.3"
  resolved "https://registry.yarnpkg.com/tunnel-agent/-/tunnel-agent-0.4.3.tgz#6373db76909fe570e08d73583365ed828a74eeeb"

tweetnacl@^0.14.3, tweetnacl@~0.14.0:
  version "0.14.5"
  resolved "https://registry.yarnpkg.com/tweetnacl/-/tweetnacl-0.14.5.tgz#5ae68177f192d4456269d108afa93ff8743f4f64"

type-is@~1.5.2:
  version "1.5.7"
  resolved "https://registry.yarnpkg.com/type-is/-/type-is-1.5.7.tgz#b9368a593cc6ef7d0645e78b2f4c64cbecd05e90"
  dependencies:
    media-typer "0.3.0"
    mime-types "~2.0.9"

type-is@~1.6.6:
  version "1.6.16"
  resolved "https://registry.yarnpkg.com/type-is/-/type-is-1.6.16.tgz#f89ce341541c672b25ee7ae3c73dee3b2be50194"
  dependencies:
    media-typer "0.3.0"
    mime-types "~2.1.18"

uid-safe@2.1.4:
  version "2.1.4"
  resolved "https://registry.yarnpkg.com/uid-safe/-/uid-safe-2.1.4.tgz#3ad6f38368c6d4c8c75ec17623fb79aa1d071d81"
  dependencies:
    random-bytes "~1.0.0"

uid-safe@~2.0.0:
  version "2.0.0"
  resolved "https://registry.yarnpkg.com/uid-safe/-/uid-safe-2.0.0.tgz#a7f3c6ca64a1f6a5d04ec0ef3e4c3d5367317137"
  dependencies:
    base64-url "1.2.1"

ultron@1.0.x:
  version "1.0.2"
  resolved "https://registry.yarnpkg.com/ultron/-/ultron-1.0.2.tgz#ace116ab557cd197386a4e88f4685378c8b2e4fa"

unpipe@1.0.0, unpipe@~1.0.0:
  version "1.0.0"
  resolved "https://registry.yarnpkg.com/unpipe/-/unpipe-1.0.0.tgz#b2bf4ee8514aae6165b4817829d21b2ef49904ec"

url-join@0.0.1:
  version "0.0.1"
  resolved "https://registry.yarnpkg.com/url-join/-/url-join-0.0.1.tgz#1db48ad422d3402469a87f7d97bdebfe4fb1e3c8"

utf8@2.0.0:
  version "2.0.0"
  resolved "https://registry.yarnpkg.com/utf8/-/utf8-2.0.0.tgz#79ce59eced874809cab9a71fc7102c7d45d4118d"

utils-merge@1.0.0:
  version "1.0.0"
  resolved "https://registry.yarnpkg.com/utils-merge/-/utils-merge-1.0.0.tgz#0294fb922bb9375153541c4f7096231f287c8af8"

vary@~1.0.1:
  version "1.0.1"
  resolved "https://registry.yarnpkg.com/vary/-/vary-1.0.1.tgz#99e4981566a286118dfb2b817357df7993376d10"

vary@~1.1.2:
  version "1.1.2"
  resolved "https://registry.yarnpkg.com/vary/-/vary-1.1.2.tgz#2299f02c6ded30d4a5961b0b9f74524a18f634fc"

verror@1.10.0:
  version "1.10.0"
  resolved "https://registry.yarnpkg.com/verror/-/verror-1.10.0.tgz#3a105ca17053af55d6e270c1f8288682e18da400"
  dependencies:
    assert-plus "^1.0.0"
    core-util-is "1.0.2"
    extsprintf "^1.2.0"

vhost@~3.0.1:
  version "3.0.2"
  resolved "https://registry.yarnpkg.com/vhost/-/vhost-3.0.2.tgz#2fb1decd4c466aa88b0f9341af33dc1aff2478d5"

winston@^2.1.1:
  version "2.4.1"
  resolved "https://registry.yarnpkg.com/winston/-/winston-2.4.1.tgz#a3a9265105564263c6785b4583b8c8aca26fded6"
  dependencies:
    async "~1.0.0"
    colors "1.0.x"
    cycle "1.0.x"
    eyes "0.1.x"
    isstream "0.1.x"
    stack-trace "0.0.x"

ws@0.4.31:
  version "0.4.31"
  resolved "https://registry.yarnpkg.com/ws/-/ws-0.4.31.tgz#5a4849e7a9ccd1ed5a81aeb4847c9fedf3122927"
  dependencies:
    commander "~0.6.1"
    nan "~0.3.0"
    options ">=0.0.5"
    tinycolor "0.x"

ws@^1.0.1:
  version "1.1.5"
  resolved "https://registry.yarnpkg.com/ws/-/ws-1.1.5.tgz#cbd9e6e75e09fc5d2c90015f21f0c40875e0dd51"
  dependencies:
    options ">=0.0.5"
    ultron "1.0.x"

"xmlhttprequest@https://github.com/rase-/node-XMLHttpRequest/archive/a6b6f2.tar.gz":
  version "1.5.0"
  resolved "https://github.com/rase-/node-XMLHttpRequest/archive/a6b6f2.tar.gz#20cafa5caa55f6db6bfaee849d1eb60ee43a5fca"

xtend@^4.0.0:
  version "4.0.1"
  resolved "https://registry.yarnpkg.com/xtend/-/xtend-4.0.1.tgz#a5c6d532be656e23db820efb943a1f04998d63af"
